{
  "nodes": {
    "cbor-diag-cli-src": {
      "flake": false,
      "locked": {
        "narHash": "sha256-Fau+fvAQYWtzZbgZi0WuvBnTS1mkqEX7vWETmYVTZwY=",
        "type": "file",
        "url": "http://crates.io/api/v1/crates/cbor-diag-cli/0.1.8/download"
      },
      "original": {
        "type": "file",
        "url": "http://crates.io/api/v1/crates/cbor-diag-cli/0.1.8/download"
      }
    },
    "duct-py-src": {
      "flake": false,
      "locked": {
        "lastModified": 1580601600,
        "narHash": "sha256-nLmPkWsVbB3zAZuPShhrfsjnnBHKR6lNATlxTvttgJY=",
        "type": "tarball",
        "url": "https://files.pythonhosted.org/packages/source/d/duct/duct-1.0.1.tar.gz"
      },
      "original": {
        "type": "tarball",
        "url": "https://files.pythonhosted.org/packages/source/d/duct/duct-1.0.1.tar.gz"
      }
    },
    "fenix": {
      "inputs": {
        "nixpkgs": [
          "nixpkgs"
        ],
        "rust-analyzer-src": "rust-analyzer-src"
      },
      "locked": {
        "lastModified": 1770708269,
        "narHash": "sha256-OnZW86app7hHJJoB5lC9GNXY5QBBIESJB+sIdwEyld0=",
        "owner": "nix-community",
        "repo": "fenix",
        "rev": "6b5325a017a9a9fe7e6252ccac3680cc7181cd63",
        "type": "github"
      },
      "original": {
        "owner": "nix-community",
        "repo": "fenix",
        "type": "github"
      }
    },
    "flake-utils": {
      "inputs": {
        "systems": "systems"
      },
      "locked": {
        "lastModified": 1731533236,
        "narHash": "sha256-l0KFg5HjrsfsO/JpG+r7fRrqm12kzFHyUHqHCVpMMbI=",
        "owner": "numtide",
        "repo": "flake-utils",
        "rev": "11707dc2f618dd54ca8739b309ec4fc024de578b",
        "type": "github"
      },
      "original": {
        "owner": "numtide",
        "repo": "flake-utils",
        "type": "github"
      }
    },
    "nixpkgs": {
      "locked": {
        "lastModified": 1770689213,
        "narHash": "sha256-N6JiSpfi0s8NjUTnjwo3c+YAmvYhCDzjCKCrTUC97xM=",
        "owner": "NixOS",
        "repo": "nixpkgs",
        "rev": "49d75834011c94a120a9cb874ac1c4d8b7bfc767",
        "type": "github"
      },
      "original": {
        "id": "nixpkgs",
        "type": "indirect"
      }
    },
    "root": {
      "inputs": {
        "cbor-diag-cli-src": "cbor-diag-cli-src",
        "duct-py-src": "duct-py-src",
        "fenix": "fenix",
        "flake-utils": "flake-utils",
        "nixpkgs": "nixpkgs"
      }
    },
    "rust-analyzer-src": {
      "flake": false,
      "locked": {
        "lastModified": 1770668050,
        "narHash": "sha256-Q05yaIZtQrBKHpyWaPmyJmDRj0lojnVf8nUFE0vydcY=",
        "owner": "rust-lang",
        "repo": "rust-analyzer",
        "rev": "9efc1f709f3c8134c3acac5d3592a8e4c184a0c6",
        "type": "github"
      },
      "original": {
        "owner": "rust-lang",
        "ref": "nightly",
        "repo": "rust-analyzer",
        "type": "github"
      }
    },
    "systems": {
      "locked": {
        "lastModified": 1681028828,
        "narHash": "sha256-Vy1rq5AaRuLzOxct8nz4T6wlgyUR7zLU309k9mBC768=",
        "owner": "nix-systems",
        "repo": "default",
        "rev": "da67096a3b9bf56a91d16901293e51ba5b49a27e",
        "type": "github"
      },
      "original": {
        "owner": "nix-systems",
        "repo": "default",
        "type": "github"
      }
    }
  },
  "root": "root",
  "version": 7
}
